
Microsoft Visual Studio Solution File, Format Version 12.00
# Visual Studio Version 17
VisualStudioVersion = 17.5.33402.96
MinimumVisualStudioVersion = 10.0.40219.1
Project("{FAE04EC0-301F-11D3-BF4B-00C04F79EFBC}") = "TopMessenger", "TopMessenger\TopMessenger.csproj", "{88C582DE-54C9-4D3D-923D-83321E2A9AFB}"
EndProject
Global
	GlobalSection(SolutionConfigurationPlatforms) = preSolution
		Debug|Any CPU = Debug|Any CPU
		Release|Any CPU = Release|Any CPU
	EndGlobalSection
	GlobalSection(ProjectConfigurationPlatforms) = postSolution
		{88C582DE-54C9-4D3D-923D-83321E2A9AFB}.Debug|Any CPU.ActiveCfg = Debug|Any CPU
		{88C582DE-54C9-4D3D-923D-83321E2A9AFB}.Debug|Any CPU.Build.0 = Debug|Any CPU
		{88C582DE-54C9-4D3D-923D-83321E2A9AFB}.Release|Any CPU.ActiveCfg = Release|Any CPU
		{88C582DE-54C9-4D3D-923D-83321E2A9AFB}.Release|Any CPU.Build.0 = Release|Any CPU
	EndGlobalSection
	GlobalSection(SolutionProperties) = preSolution
		HideSolutionNode = FALSE
	EndGlobalSection
	GlobalSection(ExtensibilityGlobals) = postSolution
		SolutionGuid = {8862666F-0ABE-42B2-B647-D858991646FC}
	EndGlobalSection
EndGlobal
